
Microsoft Visual Studio Solution File, Format Version 12.00
# Visual Studio 15
VisualStudioVersion = 15.0.28307.271
MinimumVisualStudioVersion = 10.0.40219.1
Project("{2150E333-8FDC-42A3-9474-1A3956D46DE8}") = "01UI", "01UI", "{E72F79EB-D4CE-42FF-8629-ED96F1734394}"
EndProject
Project("{2150E333-8FDC-42A3-9474-1A3956D46DE8}") = "03BLL", "03BLL", "{53F675CC-88D8-4BEA-9D47-C56237333FBF}"
EndProject
Project("{2150E333-8FDC-42A3-9474-1A3956D46DE8}") = "04DAO", "04DAO", "{42EF70B9-C2E6-4994-B41D-F6DB82708368}"
EndProject
Project("{2150E333-8FDC-42A3-9474-1A3956D46DE8}") = "05Common", "05Common", "{F9774534-868B-48A6-A873-EA7F4EBBE66C}"
EndProject
Project("{2150E333-8FDC-42A3-9474-1A3956D46DE8}") = "06Model", "06Model", "{91BF792A-A766-4969-9663-9244F38B069C}"
EndProject
Project("{9A19103F-16F7-4668-BE54-9A1E7A4F7556}") = "WsyXY.Common", "WsyXY.Common\WsyXY.Common.csproj", "{A8677191-8FB2-43DB-A42C-5E7559250D77}"
EndProject
Project("{2150E333-8FDC-42A3-9474-1A3956D46DE8}") = "02Service", "02Service", "{0F8EA864-4C9B-46FE-9532-384E7E0BA532}"
EndProject
Project("{9A19103F-16F7-4668-BE54-9A1E7A4F7556}") = "WsyXY.Service", "WsyXY.Service\WsyXY.Service.csproj", "{E6256C57-F138-4E97-B2DA-BFBF6F119A0E}"
EndProject
Project("{9A19103F-16F7-4668-BE54-9A1E7A4F7556}") = "WsyXY.Model", "WsyXY.Model\WsyXY.Model.csproj", "{4C463700-E3DB-45D0-9536-FC6F6F6E233C}"
EndProject
Project("{9A19103F-16F7-4668-BE54-9A1E7A4F7556}") = "WsyXY.BLL", "WsyXY.BLL\WsyXY.BLL.csproj", "{6E3FEBB2-73DF-43D3-8BA5-81985F1AA843}"
EndProject
Project("{9A19103F-16F7-4668-BE54-9A1E7A4F7556}") = "WsyXY.DAO", "WsyXY.DAO\WsyXY.DAO.csproj", "{1A368C42-911B-4CF4-9F4D-A71A77635681}"
EndProject
Project("{FAE04EC0-301F-11D3-BF4B-00C04F79EFBC}") = "WsyXY.Web", "WsyXY.Web\WsyXY.Web.csproj", "{526F423B-6256-48F9-944D-15E4A8217147}"
EndProject
Project("{FAE04EC0-301F-11D3-BF4B-00C04F79EFBC}") = "WsyXY.ViewModel", "WsyXY.ViewModel\WsyXY.ViewModel.csproj", "{046AF942-3F8D-4397-A051-0248FE32A74E}"
EndProject
Project("{FAE04EC0-301F-11D3-BF4B-00C04F79EFBC}") = "WsyXY.ConditionModel", "WsyXY.ConditionModel\WsyXY.ConditionModel.csproj", "{31FF3659-FA3E-4313-96FE-1CEDD3E45B7D}"
EndProject
Global
	GlobalSection(SolutionConfigurationPlatforms) = preSolution
		Debug|Any CPU = Debug|Any CPU
		Release|Any CPU = Release|Any CPU
	EndGlobalSection
	GlobalSection(ProjectConfigurationPlatforms) = postSolution
		{A8677191-8FB2-43DB-A42C-5E7559250D77}.Debug|Any CPU.ActiveCfg = Debug|Any CPU
		{A8677191-8FB2-43DB-A42C-5E7559250D77}.Debug|Any CPU.Build.0 = Debug|Any CPU
		{A8677191-8FB2-43DB-A42C-5E7559250D77}.Release|Any CPU.ActiveCfg = Release|Any CPU
		{A8677191-8FB2-43DB-A42C-5E7559250D77}.Release|Any CPU.Build.0 = Release|Any CPU
		{E6256C57-F138-4E97-B2DA-BFBF6F119A0E}.Debug|Any CPU.ActiveCfg = Debug|Any CPU
		{E6256C57-F138-4E97-B2DA-BFBF6F119A0E}.Debug|Any CPU.Build.0 = Debug|Any CPU
		{E6256C57-F138-4E97-B2DA-BFBF6F119A0E}.Release|Any CPU.ActiveCfg = Release|Any CPU
		{E6256C57-F138-4E97-B2DA-BFBF6F119A0E}.Release|Any CPU.Build.0 = Release|Any CPU
		{4C463700-E3DB-45D0-9536-FC6F6F6E233C}.Debug|Any CPU.ActiveCfg = Debug|Any CPU
		{4C463700-E3DB-45D0-9536-FC6F6F6E233C}.Debug|Any CPU.Build.0 = Debug|Any CPU
		{4C463700-E3DB-45D0-9536-FC6F6F6E233C}.Release|Any CPU.ActiveCfg = Release|Any CPU
		{4C463700-E3DB-45D0-9536-FC6F6F6E233C}.Release|Any CPU.Build.0 = Release|Any CPU
		{6E3FEBB2-73DF-43D3-8BA5-81985F1AA843}.Debug|Any CPU.ActiveCfg = Debug|Any CPU
		{6E3FEBB2-73DF-43D3-8BA5-81985F1AA843}.Debug|Any CPU.Build.0 = Debug|Any CPU
		{6E3FEBB2-73DF-43D3-8BA5-81985F1AA843}.Release|Any CPU.ActiveCfg = Release|Any CPU
		{6E3FEBB2-73DF-43D3-8BA5-81985F1AA843}.Release|Any CPU.Build.0 = Release|Any CPU
		{1A368C42-911B-4CF4-9F4D-A71A77635681}.Debug|Any CPU.ActiveCfg = Debug|Any CPU
		{1A368C42-911B-4CF4-9F4D-A71A77635681}.Debug|Any CPU.Build.0 = Debug|Any CPU
		{1A368C42-911B-4CF4-9F4D-A71A77635681}.Release|Any CPU.ActiveCfg = Release|Any CPU
		{1A368C42-911B-4CF4-9F4D-A71A77635681}.Release|Any CPU.Build.0 = Release|Any CPU
		{526F423B-6256-48F9-944D-15E4A8217147}.Debug|Any CPU.ActiveCfg = Debug|Any CPU
		{526F423B-6256-48F9-944D-15E4A8217147}.Debug|Any CPU.Build.0 = Debug|Any CPU
		{526F423B-6256-48F9-944D-15E4A8217147}.Release|Any CPU.ActiveCfg = Release|Any CPU
		{526F423B-6256-48F9-944D-15E4A8217147}.Release|Any CPU.Build.0 = Release|Any CPU
		{046AF942-3F8D-4397-A051-0248FE32A74E}.Debug|Any CPU.ActiveCfg = Debug|Any CPU
		{046AF942-3F8D-4397-A051-0248FE32A74E}.Debug|Any CPU.Build.0 = Debug|Any CPU
		{046AF942-3F8D-4397-A051-0248FE32A74E}.Release|Any CPU.ActiveCfg = Release|Any CPU
		{046AF942-3F8D-4397-A051-0248FE32A74E}.Release|Any CPU.Build.0 = Release|Any CPU
		{31FF3659-FA3E-4313-96FE-1CEDD3E45B7D}.Debug|Any CPU.ActiveCfg = Debug|Any CPU
		{31FF3659-FA3E-4313-96FE-1CEDD3E45B7D}.Debug|Any CPU.Build.0 = Debug|Any CPU
		{31FF3659-FA3E-4313-96FE-1CEDD3E45B7D}.Release|Any CPU.ActiveCfg = Release|Any CPU
		{31FF3659-FA3E-4313-96FE-1CEDD3E45B7D}.Release|Any CPU.Build.0 = Release|Any CPU
	EndGlobalSection
	GlobalSection(SolutionProperties) = preSolution
		HideSolutionNode = FALSE
	EndGlobalSection
	GlobalSection(NestedProjects) = preSolution
		{A8677191-8FB2-43DB-A42C-5E7559250D77} = {F9774534-868B-48A6-A873-EA7F4EBBE66C}
		{E6256C57-F138-4E97-B2DA-BFBF6F119A0E} = {0F8EA864-4C9B-46FE-9532-384E7E0BA532}
		{4C463700-E3DB-45D0-9536-FC6F6F6E233C} = {91BF792A-A766-4969-9663-9244F38B069C}
		{6E3FEBB2-73DF-43D3-8BA5-81985F1AA843} = {53F675CC-88D8-4BEA-9D47-C56237333FBF}
		{1A368C42-911B-4CF4-9F4D-A71A77635681} = {42EF70B9-C2E6-4994-B41D-F6DB82708368}
		{526F423B-6256-48F9-944D-15E4A8217147} = {E72F79EB-D4CE-42FF-8629-ED96F1734394}
		{046AF942-3F8D-4397-A051-0248FE32A74E} = {91BF792A-A766-4969-9663-9244F38B069C}
		{31FF3659-FA3E-4313-96FE-1CEDD3E45B7D} = {91BF792A-A766-4969-9663-9244F38B069C}
	EndGlobalSection
	GlobalSection(ExtensibilityGlobals) = postSolution
		SolutionGuid = {F31E3BEA-76B7-4E5F-AC94-258AA45B6D70}
	EndGlobalSection
EndGlobal
